
Microsoft Visual Studio Solution File, Format Version 12.00
# Visual Studio Version 17
VisualStudioVersion = 17.7.34024.191
MinimumVisualStudioVersion = 10.0.40219.1
Project("{FAE04EC0-301F-11D3-BF4B-00C04F79EFBC}") = "31.Palindrome Numbers", "31.Palindrome Numbers.csproj", "{D195DF67-163D-47DA-9DEF-E44950031E15}"
EndProject
Global
	GlobalSection(SolutionConfigurationPlatforms) = preSolution
		Debug|Any CPU = Debug|Any CPU
		Release|Any CPU = Release|Any CPU
	EndGlobalSection
	GlobalSection(ProjectConfigurationPlatforms) = postSolution
		{D195DF67-163D-47DA-9DEF-E44950031E15}.Debug|Any CPU.ActiveCfg = Debug|Any CPU
		{D195DF67-163D-47DA-9DEF-E44950031E15}.Debug|Any CPU.Build.0 = Debug|Any CPU
		{D195DF67-163D-47DA-9DEF-E44950031E15}.Release|Any CPU.ActiveCfg = Release|Any CPU
		{D195DF67-163D-47DA-9DEF-E44950031E15}.Release|Any CPU.Build.0 = Release|Any CPU
	EndGlobalSection
	GlobalSection(SolutionProperties) = preSolution
		HideSolutionNode = FALSE
	EndGlobalSection
	GlobalSection(ExtensibilityGlobals) = postSolution
		SolutionGuid = {D3507DDB-9D95-465F-9756-26FE27C842D2}
	EndGlobalSection
EndGlobal
